
Microsoft Visual Studio Solution File, Format Version 12.00
# Visual Studio 2013
VisualStudioVersion = 12.0.20827.3
MinimumVisualStudioVersion = 10.0.40219.1
Project("{FAE04EC0-301F-11D3-BF4B-00C04F79EFBC}") = "IronSharp.Core", "IronSharp.Core\IronSharp.Core.csproj", "{1A6CC922-40A5-440A-868D-757FCDB08622}"
EndProject
Project("{FAE04EC0-301F-11D3-BF4B-00C04F79EFBC}") = "IronSharp.IronMQ", "IronSharp.IronMQ\IronSharp.IronMQ.csproj", "{D891A220-AA6F-4D0C-B012-B25875787BA0}"
EndProject
Global
	GlobalSection(SolutionConfigurationPlatforms) = preSolution
		Debug|Any CPU = Debug|Any CPU
		Release|Any CPU = Release|Any CPU
	EndGlobalSection
	GlobalSection(ProjectConfigurationPlatforms) = postSolution
		{1A6CC922-40A5-440A-868D-757FCDB08622}.Debug|Any CPU.ActiveCfg = Debug|Any CPU
		{1A6CC922-40A5-440A-868D-757FCDB08622}.Debug|Any CPU.Build.0 = Debug|Any CPU
		{1A6CC922-40A5-440A-868D-757FCDB08622}.Release|Any CPU.ActiveCfg = Release|Any CPU
		{1A6CC922-40A5-440A-868D-757FCDB08622}.Release|Any CPU.Build.0 = Release|Any CPU
		{D891A220-AA6F-4D0C-B012-B25875787BA0}.Debug|Any CPU.ActiveCfg = Debug|Any CPU
		{D891A220-AA6F-4D0C-B012-B25875787BA0}.Debug|Any CPU.Build.0 = Debug|Any CPU
		{D891A220-AA6F-4D0C-B012-B25875787BA0}.Release|Any CPU.ActiveCfg = Release|Any CPU
		{D891A220-AA6F-4D0C-B012-B25875787BA0}.Release|Any CPU.Build.0 = Release|Any CPU
	EndGlobalSection
	GlobalSection(SolutionProperties) = preSolution
		HideSolutionNode = FALSE
	EndGlobalSection
EndGlobal
